
Microsoft Visual Studio Solution File, Format Version 12.00
# Visual Studio 14
VisualStudioVersion = 14.0.25420.1
MinimumVisualStudioVersion = 10.0.40219.1
Project("{FAE04EC0-301F-11D3-BF4B-00C04F79EFBC}") = "AgentApplication", "AgentApplication\AgentApplication.csproj", "{9BBD9CEC-D808-4235-BED9-FDB798C1E611}"
EndProject
Project("{FAE04EC0-301F-11D3-BF4B-00C04F79EFBC}") = "SpeechLibrary", "..\..\Libraries\SpeechLibrary\SpeechLibrary.csproj", "{7EB73B83-F185-477C-AB93-42FA56A03DD4}"
EndProject
Project("{FAE04EC0-301F-11D3-BF4B-00C04F79EFBC}") = "AudioLibrary", "..\..\Libraries\AudioLibrary\AudioLibrary.csproj", "{1253F8F6-FADD-478B-98FB-2FAAF5E95D2C}"
EndProject
Project("{FAE04EC0-301F-11D3-BF4B-00C04F79EFBC}") = "MathematicsLibrary", "..\..\Libraries\MathematicsLibrary\MathematicsLibrary.csproj", "{861E7893-2264-41C5-A589-B574DD8AD6E0}"
EndProject
Project("{FAE04EC0-301F-11D3-BF4B-00C04F79EFBC}") = "AuxiliaryLibrary", "..\..\Libraries\AuxiliaryLibrary\AuxiliaryLibrary.csproj", "{B731E1A2-38F8-4285-BBED-BF19C4C65FE6}"
EndProject
Project("{FAE04EC0-301F-11D3-BF4B-00C04F79EFBC}") = "AgentLibrary", "..\..\Libraries\AgentLibrary\AgentLibrary.csproj", "{BE10EF02-3156-41D0-9AAF-798C7433390A}"
EndProject
Project("{FAE04EC0-301F-11D3-BF4B-00C04F79EFBC}") = "HumanLanguageLibrary", "..\..\Libraries\HumanLanguageLibrary\HumanLanguageLibrary.csproj", "{1C57DBA5-18CC-4255-8F68-790D4E1604A2}"
EndProject
Project("{FAE04EC0-301F-11D3-BF4B-00C04F79EFBC}") = "ObjectSerializerLibrary", "..\..\Libraries\ObjectSerializerLibrary\ObjectSerializerLibrary.csproj", "{B27A4215-2AC9-4DB2-8F7F-E68DE3109E23}"
EndProject
Project("{FAE04EC0-301F-11D3-BF4B-00C04F79EFBC}") = "VisionApplication", "VisionApplication\VisionApplication.csproj", "{7276719B-E1BA-4358-8530-07BC4F87832E}"
EndProject
Project("{FAE04EC0-301F-11D3-BF4B-00C04F79EFBC}") = "CommunicationLibrary", "..\..\Libraries\CommunicationLibrary\CommunicationLibrary.csproj", "{B0724342-836A-434A-889E-68D4FBF9F2D1}"
EndProject
Project("{FAE04EC0-301F-11D3-BF4B-00C04F79EFBC}") = "ImageProcessingLibrary", "..\..\Libraries\ImageProcessingLibrary\ImageProcessingLibrary.csproj", "{BBD065DF-402B-45DD-ABF0-E7FE66DBC8A9}"
EndProject
Project("{FAE04EC0-301F-11D3-BF4B-00C04F79EFBC}") = "ThreeDimensionalVisualizationLibrary", "..\..\Libraries\ThreeDimensionalVisualizationLibrary\ThreeDimensionalVisualizationLibrary.csproj", "{42BEC207-A20B-4D36-A375-5CD84AFEEE94}"
EndProject
Project("{FAE04EC0-301F-11D3-BF4B-00C04F79EFBC}") = "InternetDataAcquisitionLibrary", "..\..\Libraries\InternetDataAcquisitionLibrary\InternetDataAcquisitionLibrary.csproj", "{C67420C1-6D52-43D1-BCCA-947C7BB8A53B}"
EndProject
Global
	GlobalSection(SolutionConfigurationPlatforms) = preSolution
		Debug|Any CPU = Debug|Any CPU
		Release|Any CPU = Release|Any CPU
	EndGlobalSection
	GlobalSection(ProjectConfigurationPlatforms) = postSolution
		{9BBD9CEC-D808-4235-BED9-FDB798C1E611}.Debug|Any CPU.ActiveCfg = Debug|Any CPU
		{9BBD9CEC-D808-4235-BED9-FDB798C1E611}.Debug|Any CPU.Build.0 = Debug|Any CPU
		{9BBD9CEC-D808-4235-BED9-FDB798C1E611}.Release|Any CPU.ActiveCfg = Release|Any CPU
		{9BBD9CEC-D808-4235-BED9-FDB798C1E611}.Release|Any CPU.Build.0 = Release|Any CPU
		{7EB73B83-F185-477C-AB93-42FA56A03DD4}.Debug|Any CPU.ActiveCfg = Debug|Any CPU
		{7EB73B83-F185-477C-AB93-42FA56A03DD4}.Debug|Any CPU.Build.0 = Debug|Any CPU
		{7EB73B83-F185-477C-AB93-42FA56A03DD4}.Release|Any CPU.ActiveCfg = Release|Any CPU
		{7EB73B83-F185-477C-AB93-42FA56A03DD4}.Release|Any CPU.Build.0 = Release|Any CPU
		{1253F8F6-FADD-478B-98FB-2FAAF5E95D2C}.Debug|Any CPU.ActiveCfg = Debug|Any CPU
		{1253F8F6-FADD-478B-98FB-2FAAF5E95D2C}.Debug|Any CPU.Build.0 = Debug|Any CPU
		{1253F8F6-FADD-478B-98FB-2FAAF5E95D2C}.Release|Any CPU.ActiveCfg = Release|Any CPU
		{1253F8F6-FADD-478B-98FB-2FAAF5E95D2C}.Release|Any CPU.Build.0 = Release|Any CPU
		{861E7893-2264-41C5-A589-B574DD8AD6E0}.Debug|Any CPU.ActiveCfg = Debug|Any CPU
		{861E7893-2264-41C5-A589-B574DD8AD6E0}.Debug|Any CPU.Build.0 = Debug|Any CPU
		{861E7893-2264-41C5-A589-B574DD8AD6E0}.Release|Any CPU.ActiveCfg = Release|Any CPU
		{861E7893-2264-41C5-A589-B574DD8AD6E0}.Release|Any CPU.Build.0 = Release|Any CPU
		{B731E1A2-38F8-4285-BBED-BF19C4C65FE6}.Debug|Any CPU.ActiveCfg = Debug|Any CPU
		{B731E1A2-38F8-4285-BBED-BF19C4C65FE6}.Debug|Any CPU.Build.0 = Debug|Any CPU
		{B731E1A2-38F8-4285-BBED-BF19C4C65FE6}.Release|Any CPU.ActiveCfg = Release|Any CPU
		{B731E1A2-38F8-4285-BBED-BF19C4C65FE6}.Release|Any CPU.Build.0 = Release|Any CPU
		{BE10EF02-3156-41D0-9AAF-798C7433390A}.Debug|Any CPU.ActiveCfg = Debug|Any CPU
		{BE10EF02-3156-41D0-9AAF-798C7433390A}.Debug|Any CPU.Build.0 = Debug|Any CPU
		{BE10EF02-3156-41D0-9AAF-798C7433390A}.Release|Any CPU.ActiveCfg = Release|Any CPU
		{BE10EF02-3156-41D0-9AAF-798C7433390A}.Release|Any CPU.Build.0 = Release|Any CPU
		{1C57DBA5-18CC-4255-8F68-790D4E1604A2}.Debug|Any CPU.ActiveCfg = Debug|Any CPU
		{1C57DBA5-18CC-4255-8F68-790D4E1604A2}.Debug|Any CPU.Build.0 = Debug|Any CPU
		{1C57DBA5-18CC-4255-8F68-790D4E1604A2}.Release|Any CPU.ActiveCfg = Release|Any CPU
		{1C57DBA5-18CC-4255-8F68-790D4E1604A2}.Release|Any CPU.Build.0 = Release|Any CPU
		{B27A4215-2AC9-4DB2-8F7F-E68DE3109E23}.Debug|Any CPU.ActiveCfg = Debug|Any CPU
		{B27A4215-2AC9-4DB2-8F7F-E68DE3109E23}.Debug|Any CPU.Build.0 = Debug|Any CPU
		{B27A4215-2AC9-4DB2-8F7F-E68DE3109E23}.Release|Any CPU.ActiveCfg = Release|Any CPU
		{B27A4215-2AC9-4DB2-8F7F-E68DE3109E23}.Release|Any CPU.Build.0 = Release|Any CPU
		{7276719B-E1BA-4358-8530-07BC4F87832E}.Debug|Any CPU.ActiveCfg = Debug|Any CPU
		{7276719B-E1BA-4358-8530-07BC4F87832E}.Debug|Any CPU.Build.0 = Debug|Any CPU
		{7276719B-E1BA-4358-8530-07BC4F87832E}.Release|Any CPU.ActiveCfg = Release|Any CPU
		{7276719B-E1BA-4358-8530-07BC4F87832E}.Release|Any CPU.Build.0 = Release|Any CPU
		{B0724342-836A-434A-889E-68D4FBF9F2D1}.Debug|Any CPU.ActiveCfg = Debug|Any CPU
		{B0724342-836A-434A-889E-68D4FBF9F2D1}.Debug|Any CPU.Build.0 = Debug|Any CPU
		{B0724342-836A-434A-889E-68D4FBF9F2D1}.Release|Any CPU.ActiveCfg = Release|Any CPU
		{B0724342-836A-434A-889E-68D4FBF9F2D1}.Release|Any CPU.Build.0 = Release|Any CPU
		{BBD065DF-402B-45DD-ABF0-E7FE66DBC8A9}.Debug|Any CPU.ActiveCfg = Debug|Any CPU
		{BBD065DF-402B-45DD-ABF0-E7FE66DBC8A9}.Debug|Any CPU.Build.0 = Debug|Any CPU
		{BBD065DF-402B-45DD-ABF0-E7FE66DBC8A9}.Release|Any CPU.ActiveCfg = Release|Any CPU
		{BBD065DF-402B-45DD-ABF0-E7FE66DBC8A9}.Release|Any CPU.Build.0 = Release|Any CPU
		{42BEC207-A20B-4D36-A375-5CD84AFEEE94}.Debug|Any CPU.ActiveCfg = Debug|Any CPU
		{42BEC207-A20B-4D36-A375-5CD84AFEEE94}.Debug|Any CPU.Build.0 = Debug|Any CPU
		{42BEC207-A20B-4D36-A375-5CD84AFEEE94}.Release|Any CPU.ActiveCfg = Release|Any CPU
		{42BEC207-A20B-4D36-A375-5CD84AFEEE94}.Release|Any CPU.Build.0 = Release|Any CPU
		{C67420C1-6D52-43D1-BCCA-947C7BB8A53B}.Debug|Any CPU.ActiveCfg = Debug|Any CPU
		{C67420C1-6D52-43D1-BCCA-947C7BB8A53B}.Debug|Any CPU.Build.0 = Debug|Any CPU
		{C67420C1-6D52-43D1-BCCA-947C7BB8A53B}.Release|Any CPU.ActiveCfg = Release|Any CPU
		{C67420C1-6D52-43D1-BCCA-947C7BB8A53B}.Release|Any CPU.Build.0 = Release|Any CPU
	EndGlobalSection
	GlobalSection(SolutionProperties) = preSolution
		HideSolutionNode = FALSE
	EndGlobalSection
EndGlobal
